
Microsoft Visual Studio Solution File, Format Version 12.00
# Visual Studio Version 17
VisualStudioVersion = 17.11.35208.52
MinimumVisualStudioVersion = 10.0.40219.1
Project("{FAE04EC0-301F-11D3-BF4B-00C04F79EFBC}") = "ProblemSolving", "ProblemSolving\ProblemSolving.csproj", "{694D1C3B-01CA-4851-931C-8A2CB126A0B6}"
EndProject
Project("{FAE04EC0-301F-11D3-BF4B-00C04F79EFBC}") = "TwoSum", "RomanToInt\TwoSum.csproj", "{5F69DF8A-E023-44B7-8902-65B3941754D2}"
EndProject
Project("{FAE04EC0-301F-11D3-BF4B-00C04F79EFBC}") = "RomanToInt", "TwoSum\RomanToInt.csproj", "{335A2322-1C4F-40EB-8F36-6083AAC98EB0}"
EndProject
Project("{FAE04EC0-301F-11D3-BF4B-00C04F79EFBC}") = "PalindromeNumber", "PalindromeNumber\PalindromeNumber.csproj", "{94D6FB19-1D7A-4E0D-8914-94F60885F27D}"
EndProject
Project("{FAE04EC0-301F-11D3-BF4B-00C04F79EFBC}") = "ArrayState", "ArrayState\ArrayState.csproj", "{39F16AE7-A7E1-4FBD-9EAD-E238A36DD5DC}"
EndProject
Project("{FAE04EC0-301F-11D3-BF4B-00C04F79EFBC}") = "FinalPrice", "FinalPrice\FinalPrice.csproj", "{1973C9F1-34FA-4E0C-B813-ECCA51A2C3A6}"
EndProject
Project("{FAE04EC0-301F-11D3-BF4B-00C04F79EFBC}") = "MajorityElement", "MajorityElement\MajorityElement.csproj", "{DA1EE40E-68CF-4B86-BCA0-FD9571D3FC84}"
EndProject
Project("{FAE04EC0-301F-11D3-BF4B-00C04F79EFBC}") = "RemoveDuplicate", "RemoveDuplicate\RemoveDuplicate.csproj", "{CB11C6F6-9F07-41EF-A10C-E54B5307B1DB}"
EndProject
Project("{FAE04EC0-301F-11D3-BF4B-00C04F79EFBC}") = "BestTimeToBy", "BestTimeToBy\BestTimeToBy.csproj", "{2007C6C3-4E4D-4D81-A2D1-7D1CED26572A}"
EndProject
Global
	GlobalSection(SolutionConfigurationPlatforms) = preSolution
		Debug|Any CPU = Debug|Any CPU
		Release|Any CPU = Release|Any CPU
	EndGlobalSection
	GlobalSection(ProjectConfigurationPlatforms) = postSolution
		{694D1C3B-01CA-4851-931C-8A2CB126A0B6}.Debug|Any CPU.ActiveCfg = Debug|Any CPU
		{694D1C3B-01CA-4851-931C-8A2CB126A0B6}.Debug|Any CPU.Build.0 = Debug|Any CPU
		{694D1C3B-01CA-4851-931C-8A2CB126A0B6}.Release|Any CPU.ActiveCfg = Release|Any CPU
		{694D1C3B-01CA-4851-931C-8A2CB126A0B6}.Release|Any CPU.Build.0 = Release|Any CPU
		{5F69DF8A-E023-44B7-8902-65B3941754D2}.Debug|Any CPU.ActiveCfg = Debug|Any CPU
		{5F69DF8A-E023-44B7-8902-65B3941754D2}.Debug|Any CPU.Build.0 = Debug|Any CPU
		{5F69DF8A-E023-44B7-8902-65B3941754D2}.Release|Any CPU.ActiveCfg = Release|Any CPU
		{5F69DF8A-E023-44B7-8902-65B3941754D2}.Release|Any CPU.Build.0 = Release|Any CPU
		{335A2322-1C4F-40EB-8F36-6083AAC98EB0}.Debug|Any CPU.ActiveCfg = Debug|Any CPU
		{335A2322-1C4F-40EB-8F36-6083AAC98EB0}.Debug|Any CPU.Build.0 = Debug|Any CPU
		{335A2322-1C4F-40EB-8F36-6083AAC98EB0}.Release|Any CPU.ActiveCfg = Release|Any CPU
		{335A2322-1C4F-40EB-8F36-6083AAC98EB0}.Release|Any CPU.Build.0 = Release|Any CPU
		{94D6FB19-1D7A-4E0D-8914-94F60885F27D}.Debug|Any CPU.ActiveCfg = Debug|Any CPU
		{94D6FB19-1D7A-4E0D-8914-94F60885F27D}.Debug|Any CPU.Build.0 = Debug|Any CPU
		{94D6FB19-1D7A-4E0D-8914-94F60885F27D}.Release|Any CPU.ActiveCfg = Release|Any CPU
		{94D6FB19-1D7A-4E0D-8914-94F60885F27D}.Release|Any CPU.Build.0 = Release|Any CPU
		{39F16AE7-A7E1-4FBD-9EAD-E238A36DD5DC}.Debug|Any CPU.ActiveCfg = Debug|Any CPU
		{39F16AE7-A7E1-4FBD-9EAD-E238A36DD5DC}.Debug|Any CPU.Build.0 = Debug|Any CPU
		{39F16AE7-A7E1-4FBD-9EAD-E238A36DD5DC}.Release|Any CPU.ActiveCfg = Release|Any CPU
		{39F16AE7-A7E1-4FBD-9EAD-E238A36DD5DC}.Release|Any CPU.Build.0 = Release|Any CPU
		{1973C9F1-34FA-4E0C-B813-ECCA51A2C3A6}.Debug|Any CPU.ActiveCfg = Debug|Any CPU
		{1973C9F1-34FA-4E0C-B813-ECCA51A2C3A6}.Debug|Any CPU.Build.0 = Debug|Any CPU
		{1973C9F1-34FA-4E0C-B813-ECCA51A2C3A6}.Release|Any CPU.ActiveCfg = Release|Any CPU
		{1973C9F1-34FA-4E0C-B813-ECCA51A2C3A6}.Release|Any CPU.Build.0 = Release|Any CPU
		{DA1EE40E-68CF-4B86-BCA0-FD9571D3FC84}.Debug|Any CPU.ActiveCfg = Debug|Any CPU
		{DA1EE40E-68CF-4B86-BCA0-FD9571D3FC84}.Debug|Any CPU.Build.0 = Debug|Any CPU
		{DA1EE40E-68CF-4B86-BCA0-FD9571D3FC84}.Release|Any CPU.ActiveCfg = Release|Any CPU
		{DA1EE40E-68CF-4B86-BCA0-FD9571D3FC84}.Release|Any CPU.Build.0 = Release|Any CPU
		{CB11C6F6-9F07-41EF-A10C-E54B5307B1DB}.Debug|Any CPU.ActiveCfg = Debug|Any CPU
		{CB11C6F6-9F07-41EF-A10C-E54B5307B1DB}.Debug|Any CPU.Build.0 = Debug|Any CPU
		{CB11C6F6-9F07-41EF-A10C-E54B5307B1DB}.Release|Any CPU.ActiveCfg = Release|Any CPU
		{CB11C6F6-9F07-41EF-A10C-E54B5307B1DB}.Release|Any CPU.Build.0 = Release|Any CPU
		{2007C6C3-4E4D-4D81-A2D1-7D1CED26572A}.Debug|Any CPU.ActiveCfg = Debug|Any CPU
		{2007C6C3-4E4D-4D81-A2D1-7D1CED26572A}.Debug|Any CPU.Build.0 = Debug|Any CPU
		{2007C6C3-4E4D-4D81-A2D1-7D1CED26572A}.Release|Any CPU.ActiveCfg = Release|Any CPU
		{2007C6C3-4E4D-4D81-A2D1-7D1CED26572A}.Release|Any CPU.Build.0 = Release|Any CPU
	EndGlobalSection
	GlobalSection(SolutionProperties) = preSolution
		HideSolutionNode = FALSE
	EndGlobalSection
	GlobalSection(ExtensibilityGlobals) = postSolution
		SolutionGuid = {26487320-3605-492A-8178-98A791D35FF9}
	EndGlobalSection
EndGlobal
